
Microsoft Visual Studio Solution File, Format Version 12.00
# Visual Studio 2013
VisualStudioVersion = 12.0.21005.1
MinimumVisualStudioVersion = 10.0.40219.1
Project("{FAE04EC0-301F-11D3-BF4B-00C04F79EFBC}") = "NLog.Targets.Kafka", "NLog.Targets.Kafka\NLog.Targets.Kafka.csproj", "{7CA433A4-5421-4424-85A9-1F452E487A13}"
EndProject
Project("{FAE04EC0-301F-11D3-BF4B-00C04F79EFBC}") = "DemoApp", "DemoApp\DemoApp.csproj", "{7E12D2FD-34CC-4E08-81B5-67A0E5070CC9}"
EndProject
Global
	GlobalSection(SolutionConfigurationPlatforms) = preSolution
		Debug|Any CPU = Debug|Any CPU
		Release|Any CPU = Release|Any CPU
	EndGlobalSection
	GlobalSection(ProjectConfigurationPlatforms) = postSolution
		{7CA433A4-5421-4424-85A9-1F452E487A13}.Debug|Any CPU.ActiveCfg = Debug|Any CPU
		{7CA433A4-5421-4424-85A9-1F452E487A13}.Debug|Any CPU.Build.0 = Debug|Any CPU
		{7CA433A4-5421-4424-85A9-1F452E487A13}.Release|Any CPU.ActiveCfg = Release|Any CPU
		{7CA433A4-5421-4424-85A9-1F452E487A13}.Release|Any CPU.Build.0 = Release|Any CPU
		{7E12D2FD-34CC-4E08-81B5-67A0E5070CC9}.Debug|Any CPU.ActiveCfg = Debug|Any CPU
		{7E12D2FD-34CC-4E08-81B5-67A0E5070CC9}.Debug|Any CPU.Build.0 = Debug|Any CPU
		{7E12D2FD-34CC-4E08-81B5-67A0E5070CC9}.Release|Any CPU.ActiveCfg = Release|Any CPU
		{7E12D2FD-34CC-4E08-81B5-67A0E5070CC9}.Release|Any CPU.Build.0 = Release|Any CPU
	EndGlobalSection
	GlobalSection(SolutionProperties) = preSolution
		HideSolutionNode = FALSE
	EndGlobalSection
EndGlobal
